
Microsoft Visual Studio Solution File, Format Version 12.00
# Visual Studio 14
VisualStudioVersion = 14.0.25420.1
MinimumVisualStudioVersion = 10.0.40219.1
Project("{2150E333-8FDC-42A3-9474-1A3956D46DE8}") = "Analog Input", "Analog Input", "{EB0EEBED-17F1-4789-BA38-9134630A00F8}"
EndProject
Project("{2150E333-8FDC-42A3-9474-1A3956D46DE8}") = "Analog Output", "Analog Output", "{4C7E649D-F0D4-4E7C-9E97-B5610A8478AA}"
EndProject
Project("{2150E333-8FDC-42A3-9474-1A3956D46DE8}") = "Digital Input", "Digital Input", "{9471C54A-3A68-43CF-BD83-F10E0114B482}"
EndProject
Project("{2150E333-8FDC-42A3-9474-1A3956D46DE8}") = "Digital Output", "Digital Output", "{7952097E-4BFA-4CC3-AE75-C3E23FD99275}"
EndProject
Project("{FAE04EC0-301F-11D3-BF4B-00C04F79EFBC}") = "Winform AI Continuous Digital Trigger", "Analog Input\Winform AI Continuous Digital Trigger\Winform AI Continuous Digital Trigger.csproj", "{1F8341D3-007C-47E6-B2E9-30718845A627}"
EndProject
Project("{FAE04EC0-301F-11D3-BF4B-00C04F79EFBC}") = "Winform AI Finite", "Analog Input\Winform AI Finite\Winform AI Finite.csproj", "{0EE2139C-B039-4067-9BA7-6ABF64A5EEE6}"
EndProject
Project("{FAE04EC0-301F-11D3-BF4B-00C04F79EFBC}") = "Winform AI Finite Digital Trigger", "Analog Input\Winform AI Finite Digital Trigger\Winform AI Finite Digital Trigger.csproj", "{3C494729-4365-4081-A109-C608EBD5399E}"
EndProject
Project("{FAE04EC0-301F-11D3-BF4B-00C04F79EFBC}") = "Winform AO Continuous NoWrapping", "Analog Output\Winform AO Continuous NoWrapping\Winform AO Continuous NoWrapping.csproj", "{AC45B70F-C844-4B2E-A1D5-A501A8A60345}"
EndProject
Project("{FAE04EC0-301F-11D3-BF4B-00C04F79EFBC}") = "Winform AO Continuous Wrapping", "Analog Output\Winform AO Continuous Wrapping\Winform AO Continuous Wrapping.csproj", "{C2CC6FAC-1043-4485-BDF0-F375C3B9B39A}"
EndProject
Project("{FAE04EC0-301F-11D3-BF4B-00C04F79EFBC}") = "Winform AO Continuous Wrapping Digital Trigger", "Analog Output\Winform AO Continuous Wrapping Digital Trigger\Winform AO Continuous Wrapping Digital Trigger.csproj", "{C20E1129-EBC0-4B68-BDB8-E9DDA2CFE00A}"
EndProject
Project("{FAE04EC0-301F-11D3-BF4B-00C04F79EFBC}") = "Winform AO Finite", "Analog Output\Winform AO Finite\Winform AO Finite.csproj", "{0A08BC4D-1706-4456-BC58-4082396B6CFB}"
EndProject
Project("{FAE04EC0-301F-11D3-BF4B-00C04F79EFBC}") = "Winform AO Finite Digital Trigger", "Analog Output\Winform AO Finite Digital Trigger\Winform AO Finite Digital Trigger.csproj", "{1B572ECC-78F2-4DDE-B6B3-D5BBC79B4044}"
EndProject
Project("{2150E333-8FDC-42A3-9474-1A3956D46DE8}") = "Counter Input", "Counter Input", "{7BF5BE84-E004-4652-8258-F7CC9222EC15}"
EndProject
Project("{FAE04EC0-301F-11D3-BF4B-00C04F79EFBC}") = "Winform CI Single TwoEdgeSeparationMeasure", "Counter Input\Winform CI Single TwoEdgeSeparationMeasure\Winform CI Single TwoEdgeSeparationMeasure.csproj", "{72AE4BF3-C73D-4FF6-B68C-F2894F920190}"
EndProject
Project("{2150E333-8FDC-42A3-9474-1A3956D46DE8}") = "Counter Output", "Counter Output", "{3B4A5750-A276-4A57-AC08-217333B04B98}"
EndProject
Project("{FAE04EC0-301F-11D3-BF4B-00C04F79EFBC}") = "Winform CI Single EdgeCounting", "Counter Input\Winform CI Single EdgeCounter\Winform CI Single EdgeCounting.csproj", "{4CF76AB5-E008-4758-9523-0123F2FE7449}"
EndProject
Project("{FAE04EC0-301F-11D3-BF4B-00C04F79EFBC}") = "Winform DO SinglePoint", "Digital Output\Winform DO SinglePoint\Winform DO SinglePoint.csproj", "{1A2683A8-ACB2-4C65-8F1C-D4A756A9ACFA}"
EndProject
Project("{FAE04EC0-301F-11D3-BF4B-00C04F79EFBC}") = "Winform CI Single PulseMeasure", "Counter Input\Winform CI Single PulseMeasure\Winform CI Single PulseMeasure.csproj", "{F924CC3B-7A36-485A-9EEA-04D7D882A18A}"
EndProject
Project("{FAE04EC0-301F-11D3-BF4B-00C04F79EFBC}") = "Winform AO ContinuousNoWrapping Digital Trigger", "Analog Output\Winform AO ContinuousNoWrapping Digital Trigger\Winform AO ContinuousNoWrapping Digital Trigger.csproj", "{B8221077-D303-4260-BDC5-389B8528765F}"
EndProject
Project("{FAE04EC0-301F-11D3-BF4B-00C04F79EFBC}") = "Winform AI Continuous Soft Trigger", "Analog Input\Winform AI Continuous Soft Trigger\Winform AI Continuous Soft Trigger.csproj", "{805C6607-C9D5-4148-82C9-32C3C9607D92}"
EndProject
Project("{FAE04EC0-301F-11D3-BF4B-00C04F79EFBC}") = "Winform AI Finite Soft Trigger", "Analog Input\Winform AI Finite Soft Trigger\Winform AI Finite Soft Trigger.csproj", "{88FF478A-F6E5-496E-9574-256AC592E940}"
EndProject
Project("{FAE04EC0-301F-11D3-BF4B-00C04F79EFBC}") = "Winform AO Continuous Wrapping Soft Trigger", "Analog Output\Winform AO Continuous Wrapping Soft Trigger\Winform AO Continuous Wrapping Soft Trigger.csproj", "{0A36F1F7-6FEA-410E-96AD-4360A2A7F1B4}"
EndProject
Project("{FAE04EC0-301F-11D3-BF4B-00C04F79EFBC}") = "Winform AO Finite Soft Trigger", "Analog Output\Winform AO Finite Soft Trigger\Winform AO Finite Soft Trigger.csproj", "{F77EBC6C-DA2D-4A1C-B4B7-09AD3DD4A26E}"
EndProject
Project("{FAE04EC0-301F-11D3-BF4B-00C04F79EFBC}") = "Winform CO Single", "Counter Output\Winform CO Single\Winform CO Single.csproj", "{2325F173-7E9F-493A-90C9-6526D14457AA}"
EndProject
Project("{FAE04EC0-301F-11D3-BF4B-00C04F79EFBC}") = "Console AI Single Point", "Analog Input\Console AI Single Point\Console AI Single Point.csproj", "{2B9187F0-990C-4D56-9A7D-909B5A6BA880}"
EndProject
Project("{FAE04EC0-301F-11D3-BF4B-00C04F79EFBC}") = "Console AO Single Point", "Analog Output\Console AO Single Point\Console AO Single Point.csproj", "{A15561AD-7D02-48A6-B63A-E9A46F990004}"
EndProject
Project("{FAE04EC0-301F-11D3-BF4B-00C04F79EFBC}") = "Winform CI Single FrequencyMeasure", "Counter Input\Winform CI Single FrequencyMeasure\Winform CI Single FrequencyMeasure.csproj", "{2DF716F4-4F86-4FCC-BEA0-19ADE99A3702}"
EndProject
Project("{FAE04EC0-301F-11D3-BF4B-00C04F79EFBC}") = "Winform CI Single PeroidMeasure", "Counter Input\Winform CI Single PeroidMeasure\Winform CI Single PeroidMeasure.csproj", "{3B9B13F7-9D87-4ED0-827C-85FA4A9F65A0}"
EndProject
Project("{FAE04EC0-301F-11D3-BF4B-00C04F79EFBC}") = "Winform CI Single QuadEncoder", "Counter Input\Winform CI Single Encode\Winform CI Single QuadEncoder.csproj", "{8C2CAAF9-31B1-4E0E-8B96-02282D9AC61E}"
EndProject
Project("{FAE04EC0-301F-11D3-BF4B-00C04F79EFBC}") = "Winform AI Finite Multichannel Digital Trigger", "Analog Input\Winform AI Finite MultiChannel Digital Trigger\Winform AI Finite Multichannel Digital Trigger.csproj", "{FB0775C1-AE02-428D-BD8C-35338D8D527B}"
EndProject
Project("{FAE04EC0-301F-11D3-BF4B-00C04F79EFBC}") = "Winform AO Continuous Wrapping Multichannel", "Analog Output\Winform AO Continuous Wrapping MultiChannel\Winform AO Continuous Wrapping Multichannel.csproj", "{A016237A-66C1-44C5-86ED-3DE62B758832}"
EndProject
Project("{FAE04EC0-301F-11D3-BF4B-00C04F79EFBC}") = "Winform AO ContinuousNoWrapping Multichannel", "Analog Output\Winform AO ContinuousNoWrapping MultiChannel\Winform AO ContinuousNoWrapping Multichannel.csproj", "{3E85BB42-D207-400A-BB69-2F2DD8114FB3}"
EndProject
Project("{FAE04EC0-301F-11D3-BF4B-00C04F79EFBC}") = "Winform AO Finite MultiChannel", "Analog Output\Winform AO Finite MultiChannel\Winform AO Finite MultiChannel.csproj", "{168D0BA2-10C5-4C60-8368-4C04692E4DD3}"
EndProject
Project("{FAE04EC0-301F-11D3-BF4B-00C04F79EFBC}") = "Winform AO Single Point MultiChannel", "Analog Output\Winform AO Single Point MultiChannel\Winform AO Single Point MultiChannel.csproj", "{EC0B55B6-2281-41DB-95E0-5AA1D25F3D4A}"
EndProject
Project("{FAE04EC0-301F-11D3-BF4B-00C04F79EFBC}") = "Winform AI Single MultiChannel", "Analog Input\Winform AI Single MultiChannel\Winform AI Single MultiChannel.csproj", "{AB7558D6-3D44-4011-BBF7-51A93A50956F}"
EndProject
Project("{FAE04EC0-301F-11D3-BF4B-00C04F79EFBC}") = "Winform AI Continuous MultiChannel", "Analog Input\Winform AI Continuous MulitiChannel\Winform AI Continuous MultiChannel.csproj", "{1827485A-43B0-4FD8-BDE2-43A9799FFDC1}"
EndProject
Project("{FAE04EC0-301F-11D3-BF4B-00C04F79EFBC}") = "Winform AI Continuous MultiChannel Soft Trigger", "Analog Input\Winform AI Continuous MulitiChannel Soft Trigger\Winform AI Continuous MultiChannel Soft Trigger.csproj", "{E9A85D7A-DCDE-4232-A8E0-0E93B15052AC}"
EndProject
Project("{FAE04EC0-301F-11D3-BF4B-00C04F79EFBC}") = "Winform AI Finite Multichannel Soft Trigger", "Analog Input\Winform AI Finite Multichannel Soft Trigger\Winform AI Finite Multichannel Soft Trigger.csproj", "{F0F65710-FDA4-497C-B3FF-3A2108A2FE68}"
EndProject
Project("{2150E333-8FDC-42A3-9474-1A3956D46DE8}") = "Record", "Record", "{04163B18-E9EE-46BD-BEE7-84A476AFB8DA}"
EndProject
Project("{FAE04EC0-301F-11D3-BF4B-00C04F79EFBC}") = "Winform AI Data Playback", "Record\Winform AI Data Playback\Winform AI Data Playback.csproj", "{FB9C6B0D-8598-446A-B168-A9A706473239}"
EndProject
Project("{FAE04EC0-301F-11D3-BF4B-00C04F79EFBC}") = "Winform AI Infinite Streaming", "Record\Winform AI Infinite Streaming\Winform AI Infinite Streaming.csproj", "{D5CC06FA-AACA-4F52-86CC-187F73D7DEC3}"
EndProject
Project("{2150E333-8FDC-42A3-9474-1A3956D46DE8}") = "Sync", "Sync", "{37381E1D-581B-472E-9ED2-604DCBBCF3C6}"
EndProject
Project("{FAE04EC0-301F-11D3-BF4B-00C04F79EFBC}") = "AI_MultiCard_Sync", "Sync\AI_MultiCard Sync\AI_MultiCard_Sync.csproj", "{AECC6457-18F3-426C-A73D-772C980BB8F6}"
EndProject
Project("{FAE04EC0-301F-11D3-BF4B-00C04F79EFBC}") = "Winform DI SinglePoint", "Digital Input\Winform DI SinglePoint\Winform DI SinglePoint.csproj", "{7E24FA49-43A6-45CD-BF53-4F88FD0989F9}"
EndProject
Project("{FAE04EC0-301F-11D3-BF4B-00C04F79EFBC}") = "Winform AI Continuous", "Analog Input\Winform AI Continuous\Winform AI Continuous.csproj", "{3CC80457-F8C2-4512-BD0F-BC43493B6C81}"
EndProject
Project("{FAE04EC0-301F-11D3-BF4B-00C04F79EFBC}") = "Winform AI Finite Streaming", "Record\Winform AI Finite Streaming\Winform AI Finite Streaming.csproj", "{0CBDB192-8FF0-4444-B6C9-0B604CF0CB5C}"
EndProject
Global
	GlobalSection(SolutionConfigurationPlatforms) = preSolution
		Debug|Any CPU = Debug|Any CPU
		Debug|x64 = Debug|x64
		Debug|x86 = Debug|x86
		Release|Any CPU = Release|Any CPU
		Release|x64 = Release|x64
		Release|x86 = Release|x86
	EndGlobalSection
	GlobalSection(ProjectConfigurationPlatforms) = postSolution
		{1F8341D3-007C-47E6-B2E9-30718845A627}.Debug|Any CPU.ActiveCfg = Debug|Any CPU
		{1F8341D3-007C-47E6-B2E9-30718845A627}.Debug|Any CPU.Build.0 = Debug|Any CPU
		{1F8341D3-007C-47E6-B2E9-30718845A627}.Debug|x64.ActiveCfg = Debug|x64
		{1F8341D3-007C-47E6-B2E9-30718845A627}.Debug|x64.Build.0 = Debug|x64
		{1F8341D3-007C-47E6-B2E9-30718845A627}.Debug|x86.ActiveCfg = Debug|x86
		{1F8341D3-007C-47E6-B2E9-30718845A627}.Debug|x86.Build.0 = Debug|x86
		{1F8341D3-007C-47E6-B2E9-30718845A627}.Release|Any CPU.ActiveCfg = Release|Any CPU
		{1F8341D3-007C-47E6-B2E9-30718845A627}.Release|Any CPU.Build.0 = Release|Any CPU
		{1F8341D3-007C-47E6-B2E9-30718845A627}.Release|x64.ActiveCfg = Release|x64
		{1F8341D3-007C-47E6-B2E9-30718845A627}.Release|x64.Build.0 = Release|x64
		{1F8341D3-007C-47E6-B2E9-30718845A627}.Release|x86.ActiveCfg = Release|x86
		{1F8341D3-007C-47E6-B2E9-30718845A627}.Release|x86.Build.0 = Release|x86
		{0EE2139C-B039-4067-9BA7-6ABF64A5EEE6}.Debug|Any CPU.ActiveCfg = Debug|Any CPU
		{0EE2139C-B039-4067-9BA7-6ABF64A5EEE6}.Debug|Any CPU.Build.0 = Debug|Any CPU
		{0EE2139C-B039-4067-9BA7-6ABF64A5EEE6}.Debug|x64.ActiveCfg = Debug|x64
		{0EE2139C-B039-4067-9BA7-6ABF64A5EEE6}.Debug|x64.Build.0 = Debug|x64
		{0EE2139C-B039-4067-9BA7-6ABF64A5EEE6}.Debug|x86.ActiveCfg = Debug|x86
		{0EE2139C-B039-4067-9BA7-6ABF64A5EEE6}.Debug|x86.Build.0 = Debug|x86
		{0EE2139C-B039-4067-9BA7-6ABF64A5EEE6}.Release|Any CPU.ActiveCfg = Release|Any CPU
		{0EE2139C-B039-4067-9BA7-6ABF64A5EEE6}.Release|Any CPU.Build.0 = Release|Any CPU
		{0EE2139C-B039-4067-9BA7-6ABF64A5EEE6}.Release|x64.ActiveCfg = Release|x64
		{0EE2139C-B039-4067-9BA7-6ABF64A5EEE6}.Release|x64.Build.0 = Release|x64
		{0EE2139C-B039-4067-9BA7-6ABF64A5EEE6}.Release|x86.ActiveCfg = Release|x86
		{0EE2139C-B039-4067-9BA7-6ABF64A5EEE6}.Release|x86.Build.0 = Release|x86
		{3C494729-4365-4081-A109-C608EBD5399E}.Debug|Any CPU.ActiveCfg = Debug|Any CPU
		{3C494729-4365-4081-A109-C608EBD5399E}.Debug|Any CPU.Build.0 = Debug|Any CPU
		{3C494729-4365-4081-A109-C608EBD5399E}.Debug|x64.ActiveCfg = Debug|x64
		{3C494729-4365-4081-A109-C608EBD5399E}.Debug|x64.Build.0 = Debug|x64
		{3C494729-4365-4081-A109-C608EBD5399E}.Debug|x86.ActiveCfg = Debug|x86
		{3C494729-4365-4081-A109-C608EBD5399E}.Debug|x86.Build.0 = Debug|x86
		{3C494729-4365-4081-A109-C608EBD5399E}.Release|Any CPU.ActiveCfg = Release|Any CPU
		{3C494729-4365-4081-A109-C608EBD5399E}.Release|Any CPU.Build.0 = Release|Any CPU
		{3C494729-4365-4081-A109-C608EBD5399E}.Release|x64.ActiveCfg = Release|x64
		{3C494729-4365-4081-A109-C608EBD5399E}.Release|x64.Build.0 = Release|x64
		{3C494729-4365-4081-A109-C608EBD5399E}.Release|x86.ActiveCfg = Release|x86
		{3C494729-4365-4081-A109-C608EBD5399E}.Release|x86.Build.0 = Release|x86
		{AC45B70F-C844-4B2E-A1D5-A501A8A60345}.Debug|Any CPU.ActiveCfg = Debug|Any CPU
		{AC45B70F-C844-4B2E-A1D5-A501A8A60345}.Debug|Any CPU.Build.0 = Debug|Any CPU
		{AC45B70F-C844-4B2E-A1D5-A501A8A60345}.Debug|x64.ActiveCfg = Debug|x64
		{AC45B70F-C844-4B2E-A1D5-A501A8A60345}.Debug|x64.Build.0 = Debug|x64
		{AC45B70F-C844-4B2E-A1D5-A501A8A60345}.Debug|x86.ActiveCfg = Debug|x86
		{AC45B70F-C844-4B2E-A1D5-A501A8A60345}.Debug|x86.Build.0 = Debug|x86
		{AC45B70F-C844-4B2E-A1D5-A501A8A60345}.Release|Any CPU.ActiveCfg = Release|Any CPU
		{AC45B70F-C844-4B2E-A1D5-A501A8A60345}.Release|Any CPU.Build.0 = Release|Any CPU
		{AC45B70F-C844-4B2E-A1D5-A501A8A60345}.Release|x64.ActiveCfg = Release|x64
		{AC45B70F-C844-4B2E-A1D5-A501A8A60345}.Release|x64.Build.0 = Release|x64
		{AC45B70F-C844-4B2E-A1D5-A501A8A60345}.Release|x86.ActiveCfg = Release|x86
		{AC45B70F-C844-4B2E-A1D5-A501A8A60345}.Release|x86.Build.0 = Release|x86
		{C2CC6FAC-1043-4485-BDF0-F375C3B9B39A}.Debug|Any CPU.ActiveCfg = Debug|Any CPU
		{C2CC6FAC-1043-4485-BDF0-F375C3B9B39A}.Debug|Any CPU.Build.0 = Debug|Any CPU
		{C2CC6FAC-1043-4485-BDF0-F375C3B9B39A}.Debug|x64.ActiveCfg = Debug|x64
		{C2CC6FAC-1043-4485-BDF0-F375C3B9B39A}.Debug|x64.Build.0 = Debug|x64
		{C2CC6FAC-1043-4485-BDF0-F375C3B9B39A}.Debug|x86.ActiveCfg = Debug|x86
		{C2CC6FAC-1043-4485-BDF0-F375C3B9B39A}.Debug|x86.Build.0 = Debug|x86
		{C2CC6FAC-1043-4485-BDF0-F375C3B9B39A}.Release|Any CPU.ActiveCfg = Release|Any CPU
		{C2CC6FAC-1043-4485-BDF0-F375C3B9B39A}.Release|Any CPU.Build.0 = Release|Any CPU
		{C2CC6FAC-1043-4485-BDF0-F375C3B9B39A}.Release|x64.ActiveCfg = Release|x64
		{C2CC6FAC-1043-4485-BDF0-F375C3B9B39A}.Release|x64.Build.0 = Release|x64
		{C2CC6FAC-1043-4485-BDF0-F375C3B9B39A}.Release|x86.ActiveCfg = Release|x86
		{C2CC6FAC-1043-4485-BDF0-F375C3B9B39A}.Release|x86.Build.0 = Release|x86
		{C20E1129-EBC0-4B68-BDB8-E9DDA2CFE00A}.Debug|Any CPU.ActiveCfg = Debug|Any CPU
		{C20E1129-EBC0-4B68-BDB8-E9DDA2CFE00A}.Debug|Any CPU.Build.0 = Debug|Any CPU
		{C20E1129-EBC0-4B68-BDB8-E9DDA2CFE00A}.Debug|x64.ActiveCfg = Debug|x64
		{C20E1129-EBC0-4B68-BDB8-E9DDA2CFE00A}.Debug|x64.Build.0 = Debug|x64
		{C20E1129-EBC0-4B68-BDB8-E9DDA2CFE00A}.Debug|x86.ActiveCfg = Debug|x86
		{C20E1129-EBC0-4B68-BDB8-E9DDA2CFE00A}.Debug|x86.Build.0 = Debug|x86
		{C20E1129-EBC0-4B68-BDB8-E9DDA2CFE00A}.Release|Any CPU.ActiveCfg = Release|Any CPU
		{C20E1129-EBC0-4B68-BDB8-E9DDA2CFE00A}.Release|Any CPU.Build.0 = Release|Any CPU
		{C20E1129-EBC0-4B68-BDB8-E9DDA2CFE00A}.Release|x64.ActiveCfg = Release|x64
		{C20E1129-EBC0-4B68-BDB8-E9DDA2CFE00A}.Release|x64.Build.0 = Release|x64
		{C20E1129-EBC0-4B68-BDB8-E9DDA2CFE00A}.Release|x86.ActiveCfg = Release|x86
		{C20E1129-EBC0-4B68-BDB8-E9DDA2CFE00A}.Release|x86.Build.0 = Release|x86
		{0A08BC4D-1706-4456-BC58-4082396B6CFB}.Debug|Any CPU.ActiveCfg = Debug|Any CPU
		{0A08BC4D-1706-4456-BC58-4082396B6CFB}.Debug|Any CPU.Build.0 = Debug|Any CPU
		{0A08BC4D-1706-4456-BC58-4082396B6CFB}.Debug|x64.ActiveCfg = Debug|x64
		{0A08BC4D-1706-4456-BC58-4082396B6CFB}.Debug|x64.Build.0 = Debug|x64
		{0A08BC4D-1706-4456-BC58-4082396B6CFB}.Debug|x86.ActiveCfg = Debug|x86
		{0A08BC4D-1706-4456-BC58-4082396B6CFB}.Debug|x86.Build.0 = Debug|x86
		{0A08BC4D-1706-4456-BC58-4082396B6CFB}.Release|Any CPU.ActiveCfg = Release|Any CPU
		{0A08BC4D-1706-4456-BC58-4082396B6CFB}.Release|Any CPU.Build.0 = Release|Any CPU
		{0A08BC4D-1706-4456-BC58-4082396B6CFB}.Release|x64.ActiveCfg = Release|x64
		{0A08BC4D-1706-4456-BC58-4082396B6CFB}.Release|x64.Build.0 = Release|x64
		{0A08BC4D-1706-4456-BC58-4082396B6CFB}.Release|x86.ActiveCfg = Release|x86
		{0A08BC4D-1706-4456-BC58-4082396B6CFB}.Release|x86.Build.0 = Release|x86
		{1B572ECC-78F2-4DDE-B6B3-D5BBC79B4044}.Debug|Any CPU.ActiveCfg = Debug|Any CPU
		{1B572ECC-78F2-4DDE-B6B3-D5BBC79B4044}.Debug|Any CPU.Build.0 = Debug|Any CPU
		{1B572ECC-78F2-4DDE-B6B3-D5BBC79B4044}.Debug|x64.ActiveCfg = Debug|x64
		{1B572ECC-78F2-4DDE-B6B3-D5BBC79B4044}.Debug|x64.Build.0 = Debug|x64
		{1B572ECC-78F2-4DDE-B6B3-D5BBC79B4044}.Debug|x86.ActiveCfg = Debug|x86
		{1B572ECC-78F2-4DDE-B6B3-D5BBC79B4044}.Debug|x86.Build.0 = Debug|x86
		{1B572ECC-78F2-4DDE-B6B3-D5BBC79B4044}.Release|Any CPU.ActiveCfg = Release|Any CPU
		{1B572ECC-78F2-4DDE-B6B3-D5BBC79B4044}.Release|Any CPU.Build.0 = Release|Any CPU
		{1B572ECC-78F2-4DDE-B6B3-D5BBC79B4044}.Release|x64.ActiveCfg = Release|x64
		{1B572ECC-78F2-4DDE-B6B3-D5BBC79B4044}.Release|x64.Build.0 = Release|x64
		{1B572ECC-78F2-4DDE-B6B3-D5BBC79B4044}.Release|x86.ActiveCfg = Release|x86
		{1B572ECC-78F2-4DDE-B6B3-D5BBC79B4044}.Release|x86.Build.0 = Release|x86
		{72AE4BF3-C73D-4FF6-B68C-F2894F920190}.Debug|Any CPU.ActiveCfg = Debug|Any CPU
		{72AE4BF3-C73D-4FF6-B68C-F2894F920190}.Debug|Any CPU.Build.0 = Debug|Any CPU
		{72AE4BF3-C73D-4FF6-B68C-F2894F920190}.Debug|x64.ActiveCfg = Debug|x64
		{72AE4BF3-C73D-4FF6-B68C-F2894F920190}.Debug|x64.Build.0 = Debug|x64
		{72AE4BF3-C73D-4FF6-B68C-F2894F920190}.Debug|x86.ActiveCfg = Debug|x86
		{72AE4BF3-C73D-4FF6-B68C-F2894F920190}.Debug|x86.Build.0 = Debug|x86
		{72AE4BF3-C73D-4FF6-B68C-F2894F920190}.Release|Any CPU.ActiveCfg = Release|Any CPU
		{72AE4BF3-C73D-4FF6-B68C-F2894F920190}.Release|Any CPU.Build.0 = Release|Any CPU
		{72AE4BF3-C73D-4FF6-B68C-F2894F920190}.Release|x64.ActiveCfg = Release|x64
		{72AE4BF3-C73D-4FF6-B68C-F2894F920190}.Release|x64.Build.0 = Release|x64
		{72AE4BF3-C73D-4FF6-B68C-F2894F920190}.Release|x86.ActiveCfg = Release|x86
		{72AE4BF3-C73D-4FF6-B68C-F2894F920190}.Release|x86.Build.0 = Release|x86
		{4CF76AB5-E008-4758-9523-0123F2FE7449}.Debug|Any CPU.ActiveCfg = Debug|Any CPU
		{4CF76AB5-E008-4758-9523-0123F2FE7449}.Debug|Any CPU.Build.0 = Debug|Any CPU
		{4CF76AB5-E008-4758-9523-0123F2FE7449}.Debug|x64.ActiveCfg = Debug|x64
		{4CF76AB5-E008-4758-9523-0123F2FE7449}.Debug|x64.Build.0 = Debug|x64
		{4CF76AB5-E008-4758-9523-0123F2FE7449}.Debug|x86.ActiveCfg = Debug|x86
		{4CF76AB5-E008-4758-9523-0123F2FE7449}.Debug|x86.Build.0 = Debug|x86
		{4CF76AB5-E008-4758-9523-0123F2FE7449}.Release|Any CPU.ActiveCfg = Release|Any CPU
		{4CF76AB5-E008-4758-9523-0123F2FE7449}.Release|Any CPU.Build.0 = Release|Any CPU
		{4CF76AB5-E008-4758-9523-0123F2FE7449}.Release|x64.ActiveCfg = Release|x64
		{4CF76AB5-E008-4758-9523-0123F2FE7449}.Release|x64.Build.0 = Release|x64
		{4CF76AB5-E008-4758-9523-0123F2FE7449}.Release|x86.ActiveCfg = Release|x86
		{4CF76AB5-E008-4758-9523-0123F2FE7449}.Release|x86.Build.0 = Release|x86
		{1A2683A8-ACB2-4C65-8F1C-D4A756A9ACFA}.Debug|Any CPU.ActiveCfg = Debug|Any CPU
		{1A2683A8-ACB2-4C65-8F1C-D4A756A9ACFA}.Debug|Any CPU.Build.0 = Debug|Any CPU
		{1A2683A8-ACB2-4C65-8F1C-D4A756A9ACFA}.Debug|x64.ActiveCfg = Debug|x64
		{1A2683A8-ACB2-4C65-8F1C-D4A756A9ACFA}.Debug|x64.Build.0 = Debug|x64
		{1A2683A8-ACB2-4C65-8F1C-D4A756A9ACFA}.Debug|x86.ActiveCfg = Debug|x86
		{1A2683A8-ACB2-4C65-8F1C-D4A756A9ACFA}.Debug|x86.Build.0 = Debug|x86
		{1A2683A8-ACB2-4C65-8F1C-D4A756A9ACFA}.Release|Any CPU.ActiveCfg = Release|Any CPU
		{1A2683A8-ACB2-4C65-8F1C-D4A756A9ACFA}.Release|Any CPU.Build.0 = Release|Any CPU
		{1A2683A8-ACB2-4C65-8F1C-D4A756A9ACFA}.Release|x64.ActiveCfg = Release|x64
		{1A2683A8-ACB2-4C65-8F1C-D4A756A9ACFA}.Release|x64.Build.0 = Release|x64
		{1A2683A8-ACB2-4C65-8F1C-D4A756A9ACFA}.Release|x86.ActiveCfg = Release|x86
		{1A2683A8-ACB2-4C65-8F1C-D4A756A9ACFA}.Release|x86.Build.0 = Release|x86
		{F924CC3B-7A36-485A-9EEA-04D7D882A18A}.Debug|Any CPU.ActiveCfg = Debug|Any CPU
		{F924CC3B-7A36-485A-9EEA-04D7D882A18A}.Debug|Any CPU.Build.0 = Debug|Any CPU
		{F924CC3B-7A36-485A-9EEA-04D7D882A18A}.Debug|x64.ActiveCfg = Debug|x64
		{F924CC3B-7A36-485A-9EEA-04D7D882A18A}.Debug|x64.Build.0 = Debug|x64
		{F924CC3B-7A36-485A-9EEA-04D7D882A18A}.Debug|x86.ActiveCfg = Debug|x86
		{F924CC3B-7A36-485A-9EEA-04D7D882A18A}.Debug|x86.Build.0 = Debug|x86
		{F924CC3B-7A36-485A-9EEA-04D7D882A18A}.Release|Any CPU.ActiveCfg = Release|Any CPU
		{F924CC3B-7A36-485A-9EEA-04D7D882A18A}.Release|Any CPU.Build.0 = Release|Any CPU
		{F924CC3B-7A36-485A-9EEA-04D7D882A18A}.Release|x64.ActiveCfg = Release|x64
		{F924CC3B-7A36-485A-9EEA-04D7D882A18A}.Release|x64.Build.0 = Release|x64
		{F924CC3B-7A36-485A-9EEA-04D7D882A18A}.Release|x86.ActiveCfg = Release|x86
		{F924CC3B-7A36-485A-9EEA-04D7D882A18A}.Release|x86.Build.0 = Release|x86
		{B8221077-D303-4260-BDC5-389B8528765F}.Debug|Any CPU.ActiveCfg = Debug|Any CPU
		{B8221077-D303-4260-BDC5-389B8528765F}.Debug|Any CPU.Build.0 = Debug|Any CPU
		{B8221077-D303-4260-BDC5-389B8528765F}.Debug|x64.ActiveCfg = Debug|Any CPU
		{B8221077-D303-4260-BDC5-389B8528765F}.Debug|x64.Build.0 = Debug|Any CPU
		{B8221077-D303-4260-BDC5-389B8528765F}.Debug|x86.ActiveCfg = Debug|Any CPU
		{B8221077-D303-4260-BDC5-389B8528765F}.Debug|x86.Build.0 = Debug|Any CPU
		{B8221077-D303-4260-BDC5-389B8528765F}.Release|Any CPU.ActiveCfg = Release|Any CPU
		{B8221077-D303-4260-BDC5-389B8528765F}.Release|Any CPU.Build.0 = Release|Any CPU
		{B8221077-D303-4260-BDC5-389B8528765F}.Release|x64.ActiveCfg = Release|Any CPU
		{B8221077-D303-4260-BDC5-389B8528765F}.Release|x64.Build.0 = Release|Any CPU
		{B8221077-D303-4260-BDC5-389B8528765F}.Release|x86.ActiveCfg = Release|Any CPU
		{B8221077-D303-4260-BDC5-389B8528765F}.Release|x86.Build.0 = Release|Any CPU
		{805C6607-C9D5-4148-82C9-32C3C9607D92}.Debug|Any CPU.ActiveCfg = Debug|Any CPU
		{805C6607-C9D5-4148-82C9-32C3C9607D92}.Debug|Any CPU.Build.0 = Debug|Any CPU
		{805C6607-C9D5-4148-82C9-32C3C9607D92}.Debug|x64.ActiveCfg = Debug|Any CPU
		{805C6607-C9D5-4148-82C9-32C3C9607D92}.Debug|x64.Build.0 = Debug|Any CPU
		{805C6607-C9D5-4148-82C9-32C3C9607D92}.Debug|x86.ActiveCfg = Debug|Any CPU
		{805C6607-C9D5-4148-82C9-32C3C9607D92}.Debug|x86.Build.0 = Debug|Any CPU
		{805C6607-C9D5-4148-82C9-32C3C9607D92}.Release|Any CPU.ActiveCfg = Release|Any CPU
		{805C6607-C9D5-4148-82C9-32C3C9607D92}.Release|Any CPU.Build.0 = Release|Any CPU
		{805C6607-C9D5-4148-82C9-32C3C9607D92}.Release|x64.ActiveCfg = Release|Any CPU
		{805C6607-C9D5-4148-82C9-32C3C9607D92}.Release|x64.Build.0 = Release|Any CPU
		{805C6607-C9D5-4148-82C9-32C3C9607D92}.Release|x86.ActiveCfg = Release|Any CPU
		{805C6607-C9D5-4148-82C9-32C3C9607D92}.Release|x86.Build.0 = Release|Any CPU
		{88FF478A-F6E5-496E-9574-256AC592E940}.Debug|Any CPU.ActiveCfg = Debug|Any CPU
		{88FF478A-F6E5-496E-9574-256AC592E940}.Debug|Any CPU.Build.0 = Debug|Any CPU
		{88FF478A-F6E5-496E-9574-256AC592E940}.Debug|x64.ActiveCfg = Debug|Any CPU
		{88FF478A-F6E5-496E-9574-256AC592E940}.Debug|x64.Build.0 = Debug|Any CPU
		{88FF478A-F6E5-496E-9574-256AC592E940}.Debug|x86.ActiveCfg = Debug|Any CPU
		{88FF478A-F6E5-496E-9574-256AC592E940}.Debug|x86.Build.0 = Debug|Any CPU
		{88FF478A-F6E5-496E-9574-256AC592E940}.Release|Any CPU.ActiveCfg = Release|Any CPU
		{88FF478A-F6E5-496E-9574-256AC592E940}.Release|Any CPU.Build.0 = Release|Any CPU
		{88FF478A-F6E5-496E-9574-256AC592E940}.Release|x64.ActiveCfg = Release|Any CPU
		{88FF478A-F6E5-496E-9574-256AC592E940}.Release|x64.Build.0 = Release|Any CPU
		{88FF478A-F6E5-496E-9574-256AC592E940}.Release|x86.ActiveCfg = Release|Any CPU
		{88FF478A-F6E5-496E-9574-256AC592E940}.Release|x86.Build.0 = Release|Any CPU
		{0A36F1F7-6FEA-410E-96AD-4360A2A7F1B4}.Debug|Any CPU.ActiveCfg = Debug|Any CPU
		{0A36F1F7-6FEA-410E-96AD-4360A2A7F1B4}.Debug|Any CPU.Build.0 = Debug|Any CPU
		{0A36F1F7-6FEA-410E-96AD-4360A2A7F1B4}.Debug|x64.ActiveCfg = Debug|Any CPU
		{0A36F1F7-6FEA-410E-96AD-4360A2A7F1B4}.Debug|x64.Build.0 = Debug|Any CPU
		{0A36F1F7-6FEA-410E-96AD-4360A2A7F1B4}.Debug|x86.ActiveCfg = Debug|Any CPU
		{0A36F1F7-6FEA-410E-96AD-4360A2A7F1B4}.Debug|x86.Build.0 = Debug|Any CPU
		{0A36F1F7-6FEA-410E-96AD-4360A2A7F1B4}.Release|Any CPU.ActiveCfg = Release|Any CPU
		{0A36F1F7-6FEA-410E-96AD-4360A2A7F1B4}.Release|Any CPU.Build.0 = Release|Any CPU
		{0A36F1F7-6FEA-410E-96AD-4360A2A7F1B4}.Release|x64.ActiveCfg = Release|Any CPU
		{0A36F1F7-6FEA-410E-96AD-4360A2A7F1B4}.Release|x64.Build.0 = Release|Any CPU
		{0A36F1F7-6FEA-410E-96AD-4360A2A7F1B4}.Release|x86.ActiveCfg = Release|Any CPU
		{0A36F1F7-6FEA-410E-96AD-4360A2A7F1B4}.Release|x86.Build.0 = Release|Any CPU
		{F77EBC6C-DA2D-4A1C-B4B7-09AD3DD4A26E}.Debug|Any CPU.ActiveCfg = Debug|Any CPU
		{F77EBC6C-DA2D-4A1C-B4B7-09AD3DD4A26E}.Debug|Any CPU.Build.0 = Debug|Any CPU
		{F77EBC6C-DA2D-4A1C-B4B7-09AD3DD4A26E}.Debug|x64.ActiveCfg = Debug|Any CPU
		{F77EBC6C-DA2D-4A1C-B4B7-09AD3DD4A26E}.Debug|x64.Build.0 = Debug|Any CPU
		{F77EBC6C-DA2D-4A1C-B4B7-09AD3DD4A26E}.Debug|x86.ActiveCfg = Debug|Any CPU
		{F77EBC6C-DA2D-4A1C-B4B7-09AD3DD4A26E}.Debug|x86.Build.0 = Debug|Any CPU
		{F77EBC6C-DA2D-4A1C-B4B7-09AD3DD4A26E}.Release|Any CPU.ActiveCfg = Release|Any CPU
		{F77EBC6C-DA2D-4A1C-B4B7-09AD3DD4A26E}.Release|Any CPU.Build.0 = Release|Any CPU
		{F77EBC6C-DA2D-4A1C-B4B7-09AD3DD4A26E}.Release|x64.ActiveCfg = Release|Any CPU
		{F77EBC6C-DA2D-4A1C-B4B7-09AD3DD4A26E}.Release|x64.Build.0 = Release|Any CPU
		{F77EBC6C-DA2D-4A1C-B4B7-09AD3DD4A26E}.Release|x86.ActiveCfg = Release|Any CPU
		{F77EBC6C-DA2D-4A1C-B4B7-09AD3DD4A26E}.Release|x86.Build.0 = Release|Any CPU
		{2325F173-7E9F-493A-90C9-6526D14457AA}.Debug|Any CPU.ActiveCfg = Debug|Any CPU
		{2325F173-7E9F-493A-90C9-6526D14457AA}.Debug|Any CPU.Build.0 = Debug|Any CPU
		{2325F173-7E9F-493A-90C9-6526D14457AA}.Debug|x64.ActiveCfg = Debug|x64
		{2325F173-7E9F-493A-90C9-6526D14457AA}.Debug|x64.Build.0 = Debug|x64
		{2325F173-7E9F-493A-90C9-6526D14457AA}.Debug|x86.ActiveCfg = Debug|x86
		{2325F173-7E9F-493A-90C9-6526D14457AA}.Debug|x86.Build.0 = Debug|x86
		{2325F173-7E9F-493A-90C9-6526D14457AA}.Release|Any CPU.ActiveCfg = Release|Any CPU
		{2325F173-7E9F-493A-90C9-6526D14457AA}.Release|Any CPU.Build.0 = Release|Any CPU
		{2325F173-7E9F-493A-90C9-6526D14457AA}.Release|x64.ActiveCfg = Release|x64
		{2325F173-7E9F-493A-90C9-6526D14457AA}.Release|x64.Build.0 = Release|x64
		{2325F173-7E9F-493A-90C9-6526D14457AA}.Release|x86.ActiveCfg = Release|x86
		{2325F173-7E9F-493A-90C9-6526D14457AA}.Release|x86.Build.0 = Release|x86
		{2B9187F0-990C-4D56-9A7D-909B5A6BA880}.Debug|Any CPU.ActiveCfg = Debug|Any CPU
		{2B9187F0-990C-4D56-9A7D-909B5A6BA880}.Debug|Any CPU.Build.0 = Debug|Any CPU
		{2B9187F0-990C-4D56-9A7D-909B5A6BA880}.Debug|x64.ActiveCfg = Debug|Any CPU
		{2B9187F0-990C-4D56-9A7D-909B5A6BA880}.Debug|x64.Build.0 = Debug|Any CPU
		{2B9187F0-990C-4D56-9A7D-909B5A6BA880}.Debug|x86.ActiveCfg = Debug|Any CPU
		{2B9187F0-990C-4D56-9A7D-909B5A6BA880}.Debug|x86.Build.0 = Debug|Any CPU
		{2B9187F0-990C-4D56-9A7D-909B5A6BA880}.Release|Any CPU.ActiveCfg = Release|Any CPU
		{2B9187F0-990C-4D56-9A7D-909B5A6BA880}.Release|Any CPU.Build.0 = Release|Any CPU
		{2B9187F0-990C-4D56-9A7D-909B5A6BA880}.Release|x64.ActiveCfg = Release|Any CPU
		{2B9187F0-990C-4D56-9A7D-909B5A6BA880}.Release|x64.Build.0 = Release|Any CPU
		{2B9187F0-990C-4D56-9A7D-909B5A6BA880}.Release|x86.ActiveCfg = Release|Any CPU
		{2B9187F0-990C-4D56-9A7D-909B5A6BA880}.Release|x86.Build.0 = Release|Any CPU
		{A15561AD-7D02-48A6-B63A-E9A46F990004}.Debug|Any CPU.ActiveCfg = Debug|Any CPU
		{A15561AD-7D02-48A6-B63A-E9A46F990004}.Debug|Any CPU.Build.0 = Debug|Any CPU
		{A15561AD-7D02-48A6-B63A-E9A46F990004}.Debug|x64.ActiveCfg = Debug|Any CPU
		{A15561AD-7D02-48A6-B63A-E9A46F990004}.Debug|x64.Build.0 = Debug|Any CPU
		{A15561AD-7D02-48A6-B63A-E9A46F990004}.Debug|x86.ActiveCfg = Debug|Any CPU
		{A15561AD-7D02-48A6-B63A-E9A46F990004}.Debug|x86.Build.0 = Debug|Any CPU
		{A15561AD-7D02-48A6-B63A-E9A46F990004}.Release|Any CPU.ActiveCfg = Release|Any CPU
		{A15561AD-7D02-48A6-B63A-E9A46F990004}.Release|Any CPU.Build.0 = Release|Any CPU
		{A15561AD-7D02-48A6-B63A-E9A46F990004}.Release|x64.ActiveCfg = Release|Any CPU
		{A15561AD-7D02-48A6-B63A-E9A46F990004}.Release|x64.Build.0 = Release|Any CPU
		{A15561AD-7D02-48A6-B63A-E9A46F990004}.Release|x86.ActiveCfg = Release|Any CPU
		{A15561AD-7D02-48A6-B63A-E9A46F990004}.Release|x86.Build.0 = Release|Any CPU
		{2DF716F4-4F86-4FCC-BEA0-19ADE99A3702}.Debug|Any CPU.ActiveCfg = Debug|Any CPU
		{2DF716F4-4F86-4FCC-BEA0-19ADE99A3702}.Debug|Any CPU.Build.0 = Debug|Any CPU
		{2DF716F4-4F86-4FCC-BEA0-19ADE99A3702}.Debug|x64.ActiveCfg = Debug|x64
		{2DF716F4-4F86-4FCC-BEA0-19ADE99A3702}.Debug|x64.Build.0 = Debug|x64
		{2DF716F4-4F86-4FCC-BEA0-19ADE99A3702}.Debug|x86.ActiveCfg = Debug|x86
		{2DF716F4-4F86-4FCC-BEA0-19ADE99A3702}.Debug|x86.Build.0 = Debug|x86
		{2DF716F4-4F86-4FCC-BEA0-19ADE99A3702}.Release|Any CPU.ActiveCfg = Release|Any CPU
		{2DF716F4-4F86-4FCC-BEA0-19ADE99A3702}.Release|Any CPU.Build.0 = Release|Any CPU
		{2DF716F4-4F86-4FCC-BEA0-19ADE99A3702}.Release|x64.ActiveCfg = Release|x64
		{2DF716F4-4F86-4FCC-BEA0-19ADE99A3702}.Release|x64.Build.0 = Release|x64
		{2DF716F4-4F86-4FCC-BEA0-19ADE99A3702}.Release|x86.ActiveCfg = Release|x86
		{2DF716F4-4F86-4FCC-BEA0-19ADE99A3702}.Release|x86.Build.0 = Release|x86
		{3B9B13F7-9D87-4ED0-827C-85FA4A9F65A0}.Debug|Any CPU.ActiveCfg = Debug|Any CPU
		{3B9B13F7-9D87-4ED0-827C-85FA4A9F65A0}.Debug|Any CPU.Build.0 = Debug|Any CPU
		{3B9B13F7-9D87-4ED0-827C-85FA4A9F65A0}.Debug|x64.ActiveCfg = Debug|x64
		{3B9B13F7-9D87-4ED0-827C-85FA4A9F65A0}.Debug|x64.Build.0 = Debug|x64
		{3B9B13F7-9D87-4ED0-827C-85FA4A9F65A0}.Debug|x86.ActiveCfg = Debug|x86
		{3B9B13F7-9D87-4ED0-827C-85FA4A9F65A0}.Debug|x86.Build.0 = Debug|x86
		{3B9B13F7-9D87-4ED0-827C-85FA4A9F65A0}.Release|Any CPU.ActiveCfg = Release|Any CPU
		{3B9B13F7-9D87-4ED0-827C-85FA4A9F65A0}.Release|Any CPU.Build.0 = Release|Any CPU
		{3B9B13F7-9D87-4ED0-827C-85FA4A9F65A0}.Release|x64.ActiveCfg = Release|x64
		{3B9B13F7-9D87-4ED0-827C-85FA4A9F65A0}.Release|x64.Build.0 = Release|x64
		{3B9B13F7-9D87-4ED0-827C-85FA4A9F65A0}.Release|x86.ActiveCfg = Release|x86
		{3B9B13F7-9D87-4ED0-827C-85FA4A9F65A0}.Release|x86.Build.0 = Release|x86
		{8C2CAAF9-31B1-4E0E-8B96-02282D9AC61E}.Debug|Any CPU.ActiveCfg = Debug|Any CPU
		{8C2CAAF9-31B1-4E0E-8B96-02282D9AC61E}.Debug|Any CPU.Build.0 = Debug|Any CPU
		{8C2CAAF9-31B1-4E0E-8B96-02282D9AC61E}.Debug|x64.ActiveCfg = Debug|Any CPU
		{8C2CAAF9-31B1-4E0E-8B96-02282D9AC61E}.Debug|x64.Build.0 = Debug|Any CPU
		{8C2CAAF9-31B1-4E0E-8B96-02282D9AC61E}.Debug|x86.ActiveCfg = Debug|Any CPU
		{8C2CAAF9-31B1-4E0E-8B96-02282D9AC61E}.Debug|x86.Build.0 = Debug|Any CPU
		{8C2CAAF9-31B1-4E0E-8B96-02282D9AC61E}.Release|Any CPU.ActiveCfg = Release|Any CPU
		{8C2CAAF9-31B1-4E0E-8B96-02282D9AC61E}.Release|Any CPU.Build.0 = Release|Any CPU
		{8C2CAAF9-31B1-4E0E-8B96-02282D9AC61E}.Release|x64.ActiveCfg = Release|Any CPU
		{8C2CAAF9-31B1-4E0E-8B96-02282D9AC61E}.Release|x64.Build.0 = Release|Any CPU
		{8C2CAAF9-31B1-4E0E-8B96-02282D9AC61E}.Release|x86.ActiveCfg = Release|Any CPU
		{8C2CAAF9-31B1-4E0E-8B96-02282D9AC61E}.Release|x86.Build.0 = Release|Any CPU
		{FB0775C1-AE02-428D-BD8C-35338D8D527B}.Debug|Any CPU.ActiveCfg = Debug|Any CPU
		{FB0775C1-AE02-428D-BD8C-35338D8D527B}.Debug|Any CPU.Build.0 = Debug|Any CPU
		{FB0775C1-AE02-428D-BD8C-35338D8D527B}.Debug|x64.ActiveCfg = Debug|Any CPU
		{FB0775C1-AE02-428D-BD8C-35338D8D527B}.Debug|x64.Build.0 = Debug|Any CPU
		{FB0775C1-AE02-428D-BD8C-35338D8D527B}.Debug|x86.ActiveCfg = Debug|Any CPU
		{FB0775C1-AE02-428D-BD8C-35338D8D527B}.Debug|x86.Build.0 = Debug|Any CPU
		{FB0775C1-AE02-428D-BD8C-35338D8D527B}.Release|Any CPU.ActiveCfg = Release|Any CPU
		{FB0775C1-AE02-428D-BD8C-35338D8D527B}.Release|Any CPU.Build.0 = Release|Any CPU
		{FB0775C1-AE02-428D-BD8C-35338D8D527B}.Release|x64.ActiveCfg = Release|Any CPU
		{FB0775C1-AE02-428D-BD8C-35338D8D527B}.Release|x64.Build.0 = Release|Any CPU
		{FB0775C1-AE02-428D-BD8C-35338D8D527B}.Release|x86.ActiveCfg = Release|Any CPU
		{FB0775C1-AE02-428D-BD8C-35338D8D527B}.Release|x86.Build.0 = Release|Any CPU
		{A016237A-66C1-44C5-86ED-3DE62B758832}.Debug|Any CPU.ActiveCfg = Debug|Any CPU
		{A016237A-66C1-44C5-86ED-3DE62B758832}.Debug|Any CPU.Build.0 = Debug|Any CPU
		{A016237A-66C1-44C5-86ED-3DE62B758832}.Debug|x64.ActiveCfg = Debug|x64
		{A016237A-66C1-44C5-86ED-3DE62B758832}.Debug|x64.Build.0 = Debug|x64
		{A016237A-66C1-44C5-86ED-3DE62B758832}.Debug|x86.ActiveCfg = Debug|x86
		{A016237A-66C1-44C5-86ED-3DE62B758832}.Debug|x86.Build.0 = Debug|x86
		{A016237A-66C1-44C5-86ED-3DE62B758832}.Release|Any CPU.ActiveCfg = Release|Any CPU
		{A016237A-66C1-44C5-86ED-3DE62B758832}.Release|Any CPU.Build.0 = Release|Any CPU
		{A016237A-66C1-44C5-86ED-3DE62B758832}.Release|x64.ActiveCfg = Release|x64
		{A016237A-66C1-44C5-86ED-3DE62B758832}.Release|x64.Build.0 = Release|x64
		{A016237A-66C1-44C5-86ED-3DE62B758832}.Release|x86.ActiveCfg = Release|x86
		{A016237A-66C1-44C5-86ED-3DE62B758832}.Release|x86.Build.0 = Release|x86
		{3E85BB42-D207-400A-BB69-2F2DD8114FB3}.Debug|Any CPU.ActiveCfg = Debug|Any CPU
		{3E85BB42-D207-400A-BB69-2F2DD8114FB3}.Debug|Any CPU.Build.0 = Debug|Any CPU
		{3E85BB42-D207-400A-BB69-2F2DD8114FB3}.Debug|x64.ActiveCfg = Debug|Any CPU
		{3E85BB42-D207-400A-BB69-2F2DD8114FB3}.Debug|x64.Build.0 = Debug|Any CPU
		{3E85BB42-D207-400A-BB69-2F2DD8114FB3}.Debug|x86.ActiveCfg = Debug|Any CPU
		{3E85BB42-D207-400A-BB69-2F2DD8114FB3}.Debug|x86.Build.0 = Debug|Any CPU
		{3E85BB42-D207-400A-BB69-2F2DD8114FB3}.Release|Any CPU.ActiveCfg = Release|Any CPU
		{3E85BB42-D207-400A-BB69-2F2DD8114FB3}.Release|Any CPU.Build.0 = Release|Any CPU
		{3E85BB42-D207-400A-BB69-2F2DD8114FB3}.Release|x64.ActiveCfg = Release|Any CPU
		{3E85BB42-D207-400A-BB69-2F2DD8114FB3}.Release|x64.Build.0 = Release|Any CPU
		{3E85BB42-D207-400A-BB69-2F2DD8114FB3}.Release|x86.ActiveCfg = Release|Any CPU
		{3E85BB42-D207-400A-BB69-2F2DD8114FB3}.Release|x86.Build.0 = Release|Any CPU
		{168D0BA2-10C5-4C60-8368-4C04692E4DD3}.Debug|Any CPU.ActiveCfg = Debug|Any CPU
		{168D0BA2-10C5-4C60-8368-4C04692E4DD3}.Debug|Any CPU.Build.0 = Debug|Any CPU
		{168D0BA2-10C5-4C60-8368-4C04692E4DD3}.Debug|x64.ActiveCfg = Debug|x64
		{168D0BA2-10C5-4C60-8368-4C04692E4DD3}.Debug|x64.Build.0 = Debug|x64
		{168D0BA2-10C5-4C60-8368-4C04692E4DD3}.Debug|x86.ActiveCfg = Debug|x86
		{168D0BA2-10C5-4C60-8368-4C04692E4DD3}.Debug|x86.Build.0 = Debug|x86
		{168D0BA2-10C5-4C60-8368-4C04692E4DD3}.Release|Any CPU.ActiveCfg = Release|Any CPU
		{168D0BA2-10C5-4C60-8368-4C04692E4DD3}.Release|Any CPU.Build.0 = Release|Any CPU
		{168D0BA2-10C5-4C60-8368-4C04692E4DD3}.Release|x64.ActiveCfg = Release|x64
		{168D0BA2-10C5-4C60-8368-4C04692E4DD3}.Release|x64.Build.0 = Release|x64
		{168D0BA2-10C5-4C60-8368-4C04692E4DD3}.Release|x86.ActiveCfg = Release|x86
		{168D0BA2-10C5-4C60-8368-4C04692E4DD3}.Release|x86.Build.0 = Release|x86
		{EC0B55B6-2281-41DB-95E0-5AA1D25F3D4A}.Debug|Any CPU.ActiveCfg = Debug|Any CPU
		{EC0B55B6-2281-41DB-95E0-5AA1D25F3D4A}.Debug|Any CPU.Build.0 = Debug|Any CPU
		{EC0B55B6-2281-41DB-95E0-5AA1D25F3D4A}.Debug|x64.ActiveCfg = Debug|Any CPU
		{EC0B55B6-2281-41DB-95E0-5AA1D25F3D4A}.Debug|x64.Build.0 = Debug|Any CPU
		{EC0B55B6-2281-41DB-95E0-5AA1D25F3D4A}.Debug|x86.ActiveCfg = Debug|Any CPU
		{EC0B55B6-2281-41DB-95E0-5AA1D25F3D4A}.Debug|x86.Build.0 = Debug|Any CPU
		{EC0B55B6-2281-41DB-95E0-5AA1D25F3D4A}.Release|Any CPU.ActiveCfg = Release|Any CPU
		{EC0B55B6-2281-41DB-95E0-5AA1D25F3D4A}.Release|Any CPU.Build.0 = Release|Any CPU
		{EC0B55B6-2281-41DB-95E0-5AA1D25F3D4A}.Release|x64.ActiveCfg = Release|Any CPU
		{EC0B55B6-2281-41DB-95E0-5AA1D25F3D4A}.Release|x64.Build.0 = Release|Any CPU
		{EC0B55B6-2281-41DB-95E0-5AA1D25F3D4A}.Release|x86.ActiveCfg = Release|Any CPU
		{EC0B55B6-2281-41DB-95E0-5AA1D25F3D4A}.Release|x86.Build.0 = Release|Any CPU
		{AB7558D6-3D44-4011-BBF7-51A93A50956F}.Debug|Any CPU.ActiveCfg = Debug|Any CPU
		{AB7558D6-3D44-4011-BBF7-51A93A50956F}.Debug|Any CPU.Build.0 = Debug|Any CPU
		{AB7558D6-3D44-4011-BBF7-51A93A50956F}.Debug|x64.ActiveCfg = Debug|x64
		{AB7558D6-3D44-4011-BBF7-51A93A50956F}.Debug|x64.Build.0 = Debug|x64
		{AB7558D6-3D44-4011-BBF7-51A93A50956F}.Debug|x86.ActiveCfg = Debug|x86
		{AB7558D6-3D44-4011-BBF7-51A93A50956F}.Debug|x86.Build.0 = Debug|x86
		{AB7558D6-3D44-4011-BBF7-51A93A50956F}.Release|Any CPU.ActiveCfg = Release|Any CPU
		{AB7558D6-3D44-4011-BBF7-51A93A50956F}.Release|Any CPU.Build.0 = Release|Any CPU
		{AB7558D6-3D44-4011-BBF7-51A93A50956F}.Release|x64.ActiveCfg = Release|x64
		{AB7558D6-3D44-4011-BBF7-51A93A50956F}.Release|x64.Build.0 = Release|x64
		{AB7558D6-3D44-4011-BBF7-51A93A50956F}.Release|x86.ActiveCfg = Release|x86
		{AB7558D6-3D44-4011-BBF7-51A93A50956F}.Release|x86.Build.0 = Release|x86
		{1827485A-43B0-4FD8-BDE2-43A9799FFDC1}.Debug|Any CPU.ActiveCfg = Debug|Any CPU
		{1827485A-43B0-4FD8-BDE2-43A9799FFDC1}.Debug|Any CPU.Build.0 = Debug|Any CPU
		{1827485A-43B0-4FD8-BDE2-43A9799FFDC1}.Debug|x64.ActiveCfg = Debug|x64
		{1827485A-43B0-4FD8-BDE2-43A9799FFDC1}.Debug|x64.Build.0 = Debug|x64
		{1827485A-43B0-4FD8-BDE2-43A9799FFDC1}.Debug|x86.ActiveCfg = Debug|x86
		{1827485A-43B0-4FD8-BDE2-43A9799FFDC1}.Debug|x86.Build.0 = Debug|x86
		{1827485A-43B0-4FD8-BDE2-43A9799FFDC1}.Release|Any CPU.ActiveCfg = Release|Any CPU
		{1827485A-43B0-4FD8-BDE2-43A9799FFDC1}.Release|Any CPU.Build.0 = Release|Any CPU
		{1827485A-43B0-4FD8-BDE2-43A9799FFDC1}.Release|x64.ActiveCfg = Release|x64
		{1827485A-43B0-4FD8-BDE2-43A9799FFDC1}.Release|x64.Build.0 = Release|x64
		{1827485A-43B0-4FD8-BDE2-43A9799FFDC1}.Release|x86.ActiveCfg = Release|x86
		{1827485A-43B0-4FD8-BDE2-43A9799FFDC1}.Release|x86.Build.0 = Release|x86
		{E9A85D7A-DCDE-4232-A8E0-0E93B15052AC}.Debug|Any CPU.ActiveCfg = Debug|Any CPU
		{E9A85D7A-DCDE-4232-A8E0-0E93B15052AC}.Debug|Any CPU.Build.0 = Debug|Any CPU
		{E9A85D7A-DCDE-4232-A8E0-0E93B15052AC}.Debug|x64.ActiveCfg = Debug|Any CPU
		{E9A85D7A-DCDE-4232-A8E0-0E93B15052AC}.Debug|x64.Build.0 = Debug|Any CPU
		{E9A85D7A-DCDE-4232-A8E0-0E93B15052AC}.Debug|x86.ActiveCfg = Debug|Any CPU
		{E9A85D7A-DCDE-4232-A8E0-0E93B15052AC}.Debug|x86.Build.0 = Debug|Any CPU
		{E9A85D7A-DCDE-4232-A8E0-0E93B15052AC}.Release|Any CPU.ActiveCfg = Release|Any CPU
		{E9A85D7A-DCDE-4232-A8E0-0E93B15052AC}.Release|Any CPU.Build.0 = Release|Any CPU
		{E9A85D7A-DCDE-4232-A8E0-0E93B15052AC}.Release|x64.ActiveCfg = Release|Any CPU
		{E9A85D7A-DCDE-4232-A8E0-0E93B15052AC}.Release|x64.Build.0 = Release|Any CPU
		{E9A85D7A-DCDE-4232-A8E0-0E93B15052AC}.Release|x86.ActiveCfg = Release|Any CPU
		{E9A85D7A-DCDE-4232-A8E0-0E93B15052AC}.Release|x86.Build.0 = Release|Any CPU
		{F0F65710-FDA4-497C-B3FF-3A2108A2FE68}.Debug|Any CPU.ActiveCfg = Debug|Any CPU
		{F0F65710-FDA4-497C-B3FF-3A2108A2FE68}.Debug|Any CPU.Build.0 = Debug|Any CPU
		{F0F65710-FDA4-497C-B3FF-3A2108A2FE68}.Debug|x64.ActiveCfg = Debug|Any CPU
		{F0F65710-FDA4-497C-B3FF-3A2108A2FE68}.Debug|x64.Build.0 = Debug|Any CPU
		{F0F65710-FDA4-497C-B3FF-3A2108A2FE68}.Debug|x86.ActiveCfg = Debug|Any CPU
		{F0F65710-FDA4-497C-B3FF-3A2108A2FE68}.Debug|x86.Build.0 = Debug|Any CPU
		{F0F65710-FDA4-497C-B3FF-3A2108A2FE68}.Release|Any CPU.ActiveCfg = Release|Any CPU
		{F0F65710-FDA4-497C-B3FF-3A2108A2FE68}.Release|Any CPU.Build.0 = Release|Any CPU
		{F0F65710-FDA4-497C-B3FF-3A2108A2FE68}.Release|x64.ActiveCfg = Release|Any CPU
		{F0F65710-FDA4-497C-B3FF-3A2108A2FE68}.Release|x64.Build.0 = Release|Any CPU
		{F0F65710-FDA4-497C-B3FF-3A2108A2FE68}.Release|x86.ActiveCfg = Release|Any CPU
		{F0F65710-FDA4-497C-B3FF-3A2108A2FE68}.Release|x86.Build.0 = Release|Any CPU
		{FB9C6B0D-8598-446A-B168-A9A706473239}.Debug|Any CPU.ActiveCfg = Debug|Any CPU
		{FB9C6B0D-8598-446A-B168-A9A706473239}.Debug|Any CPU.Build.0 = Debug|Any CPU
		{FB9C6B0D-8598-446A-B168-A9A706473239}.Debug|x64.ActiveCfg = Debug|Any CPU
		{FB9C6B0D-8598-446A-B168-A9A706473239}.Debug|x64.Build.0 = Debug|Any CPU
		{FB9C6B0D-8598-446A-B168-A9A706473239}.Debug|x86.ActiveCfg = Debug|Any CPU
		{FB9C6B0D-8598-446A-B168-A9A706473239}.Debug|x86.Build.0 = Debug|Any CPU
		{FB9C6B0D-8598-446A-B168-A9A706473239}.Release|Any CPU.ActiveCfg = Release|Any CPU
		{FB9C6B0D-8598-446A-B168-A9A706473239}.Release|Any CPU.Build.0 = Release|Any CPU
		{FB9C6B0D-8598-446A-B168-A9A706473239}.Release|x64.ActiveCfg = Release|Any CPU
		{FB9C6B0D-8598-446A-B168-A9A706473239}.Release|x64.Build.0 = Release|Any CPU
		{FB9C6B0D-8598-446A-B168-A9A706473239}.Release|x86.ActiveCfg = Release|Any CPU
		{FB9C6B0D-8598-446A-B168-A9A706473239}.Release|x86.Build.0 = Release|Any CPU
		{D5CC06FA-AACA-4F52-86CC-187F73D7DEC3}.Debug|Any CPU.ActiveCfg = Debug|Any CPU
		{D5CC06FA-AACA-4F52-86CC-187F73D7DEC3}.Debug|Any CPU.Build.0 = Debug|Any CPU
		{D5CC06FA-AACA-4F52-86CC-187F73D7DEC3}.Debug|x64.ActiveCfg = Debug|Any CPU
		{D5CC06FA-AACA-4F52-86CC-187F73D7DEC3}.Debug|x64.Build.0 = Debug|Any CPU
		{D5CC06FA-AACA-4F52-86CC-187F73D7DEC3}.Debug|x86.ActiveCfg = Debug|Any CPU
		{D5CC06FA-AACA-4F52-86CC-187F73D7DEC3}.Debug|x86.Build.0 = Debug|Any CPU
		{D5CC06FA-AACA-4F52-86CC-187F73D7DEC3}.Release|Any CPU.ActiveCfg = Release|Any CPU
		{D5CC06FA-AACA-4F52-86CC-187F73D7DEC3}.Release|Any CPU.Build.0 = Release|Any CPU
		{D5CC06FA-AACA-4F52-86CC-187F73D7DEC3}.Release|x64.ActiveCfg = Release|Any CPU
		{D5CC06FA-AACA-4F52-86CC-187F73D7DEC3}.Release|x64.Build.0 = Release|Any CPU
		{D5CC06FA-AACA-4F52-86CC-187F73D7DEC3}.Release|x86.ActiveCfg = Release|Any CPU
		{D5CC06FA-AACA-4F52-86CC-187F73D7DEC3}.Release|x86.Build.0 = Release|Any CPU
		{AECC6457-18F3-426C-A73D-772C980BB8F6}.Debug|Any CPU.ActiveCfg = Debug|Any CPU
		{AECC6457-18F3-426C-A73D-772C980BB8F6}.Debug|Any CPU.Build.0 = Debug|Any CPU
		{AECC6457-18F3-426C-A73D-772C980BB8F6}.Debug|x64.ActiveCfg = Debug|Any CPU
		{AECC6457-18F3-426C-A73D-772C980BB8F6}.Debug|x64.Build.0 = Debug|Any CPU
		{AECC6457-18F3-426C-A73D-772C980BB8F6}.Debug|x86.ActiveCfg = Debug|Any CPU
		{AECC6457-18F3-426C-A73D-772C980BB8F6}.Debug|x86.Build.0 = Debug|Any CPU
		{AECC6457-18F3-426C-A73D-772C980BB8F6}.Release|Any CPU.ActiveCfg = Release|Any CPU
		{AECC6457-18F3-426C-A73D-772C980BB8F6}.Release|Any CPU.Build.0 = Release|Any CPU
		{AECC6457-18F3-426C-A73D-772C980BB8F6}.Release|x64.ActiveCfg = Release|Any CPU
		{AECC6457-18F3-426C-A73D-772C980BB8F6}.Release|x64.Build.0 = Release|Any CPU
		{AECC6457-18F3-426C-A73D-772C980BB8F6}.Release|x86.ActiveCfg = Release|Any CPU
		{AECC6457-18F3-426C-A73D-772C980BB8F6}.Release|x86.Build.0 = Release|Any CPU
		{7E24FA49-43A6-45CD-BF53-4F88FD0989F9}.Debug|Any CPU.ActiveCfg = Debug|Any CPU
		{7E24FA49-43A6-45CD-BF53-4F88FD0989F9}.Debug|Any CPU.Build.0 = Debug|Any CPU
		{7E24FA49-43A6-45CD-BF53-4F88FD0989F9}.Debug|x64.ActiveCfg = Debug|x64
		{7E24FA49-43A6-45CD-BF53-4F88FD0989F9}.Debug|x64.Build.0 = Debug|x64
		{7E24FA49-43A6-45CD-BF53-4F88FD0989F9}.Debug|x86.ActiveCfg = Debug|x86
		{7E24FA49-43A6-45CD-BF53-4F88FD0989F9}.Debug|x86.Build.0 = Debug|x86
		{7E24FA49-43A6-45CD-BF53-4F88FD0989F9}.Release|Any CPU.ActiveCfg = Release|Any CPU
		{7E24FA49-43A6-45CD-BF53-4F88FD0989F9}.Release|Any CPU.Build.0 = Release|Any CPU
		{7E24FA49-43A6-45CD-BF53-4F88FD0989F9}.Release|x64.ActiveCfg = Release|x64
		{7E24FA49-43A6-45CD-BF53-4F88FD0989F9}.Release|x64.Build.0 = Release|x64
		{7E24FA49-43A6-45CD-BF53-4F88FD0989F9}.Release|x86.ActiveCfg = Release|x86
		{7E24FA49-43A6-45CD-BF53-4F88FD0989F9}.Release|x86.Build.0 = Release|x86
		{3CC80457-F8C2-4512-BD0F-BC43493B6C81}.Debug|Any CPU.ActiveCfg = Debug|Any CPU
		{3CC80457-F8C2-4512-BD0F-BC43493B6C81}.Debug|Any CPU.Build.0 = Debug|Any CPU
		{3CC80457-F8C2-4512-BD0F-BC43493B6C81}.Debug|x64.ActiveCfg = Debug|x64
		{3CC80457-F8C2-4512-BD0F-BC43493B6C81}.Debug|x64.Build.0 = Debug|x64
		{3CC80457-F8C2-4512-BD0F-BC43493B6C81}.Debug|x86.ActiveCfg = Debug|x86
		{3CC80457-F8C2-4512-BD0F-BC43493B6C81}.Debug|x86.Build.0 = Debug|x86
		{3CC80457-F8C2-4512-BD0F-BC43493B6C81}.Release|Any CPU.ActiveCfg = Release|Any CPU
		{3CC80457-F8C2-4512-BD0F-BC43493B6C81}.Release|Any CPU.Build.0 = Release|Any CPU
		{3CC80457-F8C2-4512-BD0F-BC43493B6C81}.Release|x64.ActiveCfg = Release|x64
		{3CC80457-F8C2-4512-BD0F-BC43493B6C81}.Release|x64.Build.0 = Release|x64
		{3CC80457-F8C2-4512-BD0F-BC43493B6C81}.Release|x86.ActiveCfg = Release|x86
		{3CC80457-F8C2-4512-BD0F-BC43493B6C81}.Release|x86.Build.0 = Release|x86
		{0CBDB192-8FF0-4444-B6C9-0B604CF0CB5C}.Debug|Any CPU.ActiveCfg = Debug|Any CPU
		{0CBDB192-8FF0-4444-B6C9-0B604CF0CB5C}.Debug|Any CPU.Build.0 = Debug|Any CPU
		{0CBDB192-8FF0-4444-B6C9-0B604CF0CB5C}.Debug|x64.ActiveCfg = Debug|Any CPU
		{0CBDB192-8FF0-4444-B6C9-0B604CF0CB5C}.Debug|x64.Build.0 = Debug|Any CPU
		{0CBDB192-8FF0-4444-B6C9-0B604CF0CB5C}.Debug|x86.ActiveCfg = Debug|Any CPU
		{0CBDB192-8FF0-4444-B6C9-0B604CF0CB5C}.Debug|x86.Build.0 = Debug|Any CPU
		{0CBDB192-8FF0-4444-B6C9-0B604CF0CB5C}.Release|Any CPU.ActiveCfg = Release|Any CPU
		{0CBDB192-8FF0-4444-B6C9-0B604CF0CB5C}.Release|Any CPU.Build.0 = Release|Any CPU
		{0CBDB192-8FF0-4444-B6C9-0B604CF0CB5C}.Release|x64.ActiveCfg = Release|Any CPU
		{0CBDB192-8FF0-4444-B6C9-0B604CF0CB5C}.Release|x64.Build.0 = Release|Any CPU
		{0CBDB192-8FF0-4444-B6C9-0B604CF0CB5C}.Release|x86.ActiveCfg = Release|Any CPU
		{0CBDB192-8FF0-4444-B6C9-0B604CF0CB5C}.Release|x86.Build.0 = Release|Any CPU
	EndGlobalSection
	GlobalSection(SolutionProperties) = preSolution
		HideSolutionNode = FALSE
	EndGlobalSection
	GlobalSection(NestedProjects) = preSolution
		{1F8341D3-007C-47E6-B2E9-30718845A627} = {EB0EEBED-17F1-4789-BA38-9134630A00F8}
		{0EE2139C-B039-4067-9BA7-6ABF64A5EEE6} = {EB0EEBED-17F1-4789-BA38-9134630A00F8}
		{3C494729-4365-4081-A109-C608EBD5399E} = {EB0EEBED-17F1-4789-BA38-9134630A00F8}
		{AC45B70F-C844-4B2E-A1D5-A501A8A60345} = {4C7E649D-F0D4-4E7C-9E97-B5610A8478AA}
		{C2CC6FAC-1043-4485-BDF0-F375C3B9B39A} = {4C7E649D-F0D4-4E7C-9E97-B5610A8478AA}
		{C20E1129-EBC0-4B68-BDB8-E9DDA2CFE00A} = {4C7E649D-F0D4-4E7C-9E97-B5610A8478AA}
		{0A08BC4D-1706-4456-BC58-4082396B6CFB} = {4C7E649D-F0D4-4E7C-9E97-B5610A8478AA}
		{1B572ECC-78F2-4DDE-B6B3-D5BBC79B4044} = {4C7E649D-F0D4-4E7C-9E97-B5610A8478AA}
		{72AE4BF3-C73D-4FF6-B68C-F2894F920190} = {7BF5BE84-E004-4652-8258-F7CC9222EC15}
		{4CF76AB5-E008-4758-9523-0123F2FE7449} = {7BF5BE84-E004-4652-8258-F7CC9222EC15}
		{1A2683A8-ACB2-4C65-8F1C-D4A756A9ACFA} = {7952097E-4BFA-4CC3-AE75-C3E23FD99275}
		{F924CC3B-7A36-485A-9EEA-04D7D882A18A} = {7BF5BE84-E004-4652-8258-F7CC9222EC15}
		{B8221077-D303-4260-BDC5-389B8528765F} = {4C7E649D-F0D4-4E7C-9E97-B5610A8478AA}
		{805C6607-C9D5-4148-82C9-32C3C9607D92} = {EB0EEBED-17F1-4789-BA38-9134630A00F8}
		{88FF478A-F6E5-496E-9574-256AC592E940} = {EB0EEBED-17F1-4789-BA38-9134630A00F8}
		{0A36F1F7-6FEA-410E-96AD-4360A2A7F1B4} = {4C7E649D-F0D4-4E7C-9E97-B5610A8478AA}
		{F77EBC6C-DA2D-4A1C-B4B7-09AD3DD4A26E} = {4C7E649D-F0D4-4E7C-9E97-B5610A8478AA}
		{2325F173-7E9F-493A-90C9-6526D14457AA} = {3B4A5750-A276-4A57-AC08-217333B04B98}
		{2B9187F0-990C-4D56-9A7D-909B5A6BA880} = {EB0EEBED-17F1-4789-BA38-9134630A00F8}
		{A15561AD-7D02-48A6-B63A-E9A46F990004} = {4C7E649D-F0D4-4E7C-9E97-B5610A8478AA}
		{2DF716F4-4F86-4FCC-BEA0-19ADE99A3702} = {7BF5BE84-E004-4652-8258-F7CC9222EC15}
		{3B9B13F7-9D87-4ED0-827C-85FA4A9F65A0} = {7BF5BE84-E004-4652-8258-F7CC9222EC15}
		{8C2CAAF9-31B1-4E0E-8B96-02282D9AC61E} = {7BF5BE84-E004-4652-8258-F7CC9222EC15}
		{FB0775C1-AE02-428D-BD8C-35338D8D527B} = {EB0EEBED-17F1-4789-BA38-9134630A00F8}
		{A016237A-66C1-44C5-86ED-3DE62B758832} = {4C7E649D-F0D4-4E7C-9E97-B5610A8478AA}
		{3E85BB42-D207-400A-BB69-2F2DD8114FB3} = {4C7E649D-F0D4-4E7C-9E97-B5610A8478AA}
		{168D0BA2-10C5-4C60-8368-4C04692E4DD3} = {4C7E649D-F0D4-4E7C-9E97-B5610A8478AA}
		{EC0B55B6-2281-41DB-95E0-5AA1D25F3D4A} = {4C7E649D-F0D4-4E7C-9E97-B5610A8478AA}
		{AB7558D6-3D44-4011-BBF7-51A93A50956F} = {EB0EEBED-17F1-4789-BA38-9134630A00F8}
		{1827485A-43B0-4FD8-BDE2-43A9799FFDC1} = {EB0EEBED-17F1-4789-BA38-9134630A00F8}
		{E9A85D7A-DCDE-4232-A8E0-0E93B15052AC} = {EB0EEBED-17F1-4789-BA38-9134630A00F8}
		{F0F65710-FDA4-497C-B3FF-3A2108A2FE68} = {EB0EEBED-17F1-4789-BA38-9134630A00F8}
		{FB9C6B0D-8598-446A-B168-A9A706473239} = {04163B18-E9EE-46BD-BEE7-84A476AFB8DA}
		{D5CC06FA-AACA-4F52-86CC-187F73D7DEC3} = {04163B18-E9EE-46BD-BEE7-84A476AFB8DA}
		{AECC6457-18F3-426C-A73D-772C980BB8F6} = {37381E1D-581B-472E-9ED2-604DCBBCF3C6}
		{7E24FA49-43A6-45CD-BF53-4F88FD0989F9} = {9471C54A-3A68-43CF-BD83-F10E0114B482}
		{3CC80457-F8C2-4512-BD0F-BC43493B6C81} = {EB0EEBED-17F1-4789-BA38-9134630A00F8}
		{0CBDB192-8FF0-4444-B6C9-0B604CF0CB5C} = {04163B18-E9EE-46BD-BEE7-84A476AFB8DA}
	EndGlobalSection
	GlobalSection(ExtensibilityGlobals) = postSolution
		SolutionGuid = {DDA20EBC-0CD8-4B6F-8078-8DE179C8C60E}
	EndGlobalSection
EndGlobal
